
Microsoft Visual Studio Solution File, Format Version 12.00
# Visual Studio Version 16
VisualStudioVersion = 16.0.29326.143
MinimumVisualStudioVersion = 10.0.40219.1
Project("{FAE04EC0-301F-11D3-BF4B-00C04F79EFBC}") = "BlazorServerCrud", "BlazorServerCrud.csproj", "{B4A5032D-7DFC-4E0E-AED9-F9714B206908}"
EndProject
Global
	GlobalSection(SolutionConfigurationPlatforms) = preSolution
		Debug|Any CPU = Debug|Any CPU
		Release|Any CPU = Release|Any CPU
	EndGlobalSection
	GlobalSection(ProjectConfigurationPlatforms) = postSolution
		{B4A5032D-7DFC-4E0E-AED9-F9714B206908}.Debug|Any CPU.ActiveCfg = Debug|Any CPU
		{B4A5032D-7DFC-4E0E-AED9-F9714B206908}.Debug|Any CPU.Build.0 = Debug|Any CPU
		{B4A5032D-7DFC-4E0E-AED9-F9714B206908}.Release|Any CPU.ActiveCfg = Release|Any CPU
		{B4A5032D-7DFC-4E0E-AED9-F9714B206908}.Release|Any CPU.Build.0 = Release|Any CPU
	EndGlobalSection
	GlobalSection(SolutionProperties) = preSolution
		HideSolutionNode = FALSE
	EndGlobalSection
	GlobalSection(ExtensibilityGlobals) = postSolution
		SolutionGuid = {51CA264E-EC73-4F10-ADAE-CE0565C7CE8F}
	EndGlobalSection
EndGlobal
